
Microsoft Visual Studio Solution File, Format Version 12.00
# Visual Studio 15
Project("{FAE04EC0-301F-11D3-BF4B-00C04F79EFBC}") = "Assembly-CSharp", "Assembly-CSharp.csproj", "{543EBF8D-5AD7-8BFF-A5E4-A33D5936A895}"
EndProject
Project("{FAE04EC0-301F-11D3-BF4B-00C04F79EFBC}") = "Ink-Libraries", "Ink-Libraries.csproj", "{D8F1E65E-244B-752E-B510-0E0340140E2D}"
EndProject
Project("{FAE04EC0-301F-11D3-BF4B-00C04F79EFBC}") = "InkEditor", "InkEditor.csproj", "{F82D245A-9FD5-CF39-DF4C-054917E25CE7}"
EndProject
Global
	GlobalSection(SolutionConfigurationPlatforms) = preSolution
		Debug|Any CPU = Debug|Any CPU
		Release|Any CPU = Release|Any CPU
	EndGlobalSection
	GlobalSection(ProjectConfigurationPlatforms) = postSolution
		{543EBF8D-5AD7-8BFF-A5E4-A33D5936A895}.Debug|Any CPU.ActiveCfg = Debug|Any CPU
		{543EBF8D-5AD7-8BFF-A5E4-A33D5936A895}.Debug|Any CPU.Build.0 = Debug|Any CPU
		{543EBF8D-5AD7-8BFF-A5E4-A33D5936A895}.Release|Any CPU.ActiveCfg = Release|Any CPU
		{543EBF8D-5AD7-8BFF-A5E4-A33D5936A895}.Release|Any CPU.Build.0 = Release|Any CPU
		{D8F1E65E-244B-752E-B510-0E0340140E2D}.Debug|Any CPU.ActiveCfg = Debug|Any CPU
		{D8F1E65E-244B-752E-B510-0E0340140E2D}.Debug|Any CPU.Build.0 = Debug|Any CPU
		{D8F1E65E-244B-752E-B510-0E0340140E2D}.Release|Any CPU.ActiveCfg = Release|Any CPU
		{D8F1E65E-244B-752E-B510-0E0340140E2D}.Release|Any CPU.Build.0 = Release|Any CPU
		{F82D245A-9FD5-CF39-DF4C-054917E25CE7}.Debug|Any CPU.ActiveCfg = Debug|Any CPU
		{F82D245A-9FD5-CF39-DF4C-054917E25CE7}.Debug|Any CPU.Build.0 = Debug|Any CPU
		{F82D245A-9FD5-CF39-DF4C-054917E25CE7}.Release|Any CPU.ActiveCfg = Release|Any CPU
		{F82D245A-9FD5-CF39-DF4C-054917E25CE7}.Release|Any CPU.Build.0 = Release|Any CPU
	EndGlobalSection
	GlobalSection(SolutionProperties) = preSolution
		HideSolutionNode = FALSE
	EndGlobalSection
EndGlobal
